<?xml version="1.0" encoding="utf-8"?>
<Project ToolsVersion="4.0" xmlns="http://schemas.microsoft.com/developer/msbuild/2003">
  <ItemGroup>
    <Filter Include="Source Files">
      <UniqueIdentifier>{4FC737F1-C7A5-4376-A066-2A32D752A2FF}</UniqueIdentifier>
      <Extensions>cpp;c;cc;cxx;def;odl;idl;hpj;bat;asm;asmx</Extensions>
    </Filter>
    <Filter Include="Header Files">
      <UniqueIdentifier>{93995380-89BD-4b04-88EB-625FBE52EBFB}</UniqueIdentifier>
      <Extensions>h;hh;hpp;hxx;hm;inl;inc;xsd</Extensions>
    </Filter>
    <Filter Include="Resource Files">
      <UniqueIdentifier>{67DA6AB6-F800-4c08-8B7A-83BB121AAD01}</UniqueIdentifier>
      <Extensions>rc;ico;cur;bmp;dlg;rc2;rct;bin;rgs;gif;jpg;jpeg;jpe;resx;tiff;tif;png;wav;mfcribbon-ms</Extensions>
    </Filter>
    <Filter Include="Header Files\Interface">
      <UniqueIdentifier>{67912041-80e1-472d-a78e-139e40d7943b}</UniqueIdentifier>
    </Filter>
    <Filter Include="Header Files\Aplicação">
      <UniqueIdentifier>{3d798a7c-a57b-4d02-8cf3-f8ca172af6f5}</UniqueIdentifier>
    </Filter>
    <Filter Include="Source Files\Interface">
      <UniqueIdentifier>{13a3e38b-77a0-42f9-9c3b-c885b92d9196}</UniqueIdentifier>
    </Filter>
    <Filter Include="Source Files\Aplicação">
      <UniqueIdentifier>{d572b959-5bde-4b1f-8390-84441834ea37}</UniqueIdentifier>
    </Filter>
    <Filter Include="Header Files\Aplicação\Regras_Tipo">
      <UniqueIdentifier>{2d688bab-5965-4e05-928e-2e04d4f9d322}</UniqueIdentifier>
    </Filter>
    <Filter Include="Source Files\Aplicação\Regras_Tipo">
      <UniqueIdentifier>{c60c2289-117d-4619-a806-1bdc6cfe03b4}</UniqueIdentifier>
    </Filter>
  </ItemGroup>
  <ItemGroup>
    <ClInclude Include="Gestor.h">
      <Filter>Header Files</Filter>
    </ClInclude>
    <ClInclude Include="Screen.h">
      <Filter>Header Files\Interface</Filter>
    </ClInclude>
    <ClInclude Include="Comunidade.h">
      <Filter>Header Files\Aplicação</Filter>
    </ClInclude>
    <ClInclude Include="Formiga.h">
      <Filter>Header Files\Aplicação</Filter>
    </ClInclude>
    <ClInclude Include="Migalha.h">
      <Filter>Header Files\Aplicação</Filter>
    </ClInclude>
    <ClInclude Include="Mundo.h">
      <Filter>Header Files\Aplicação</Filter>
    </ClInclude>
    <ClInclude Include="Ninho.h">
      <Filter>Header Files\Aplicação</Filter>
    </ClInclude>
    <ClInclude Include="Consola.h">
      <Filter>Header Files\Interface</Filter>
    </ClInclude>
    <ClInclude Include="Comandos.h">
      <Filter>Header Files\Interface</Filter>
    </ClInclude>
    <ClInclude Include="Regra.h">
      <Filter>Header Files\Aplicação</Filter>
    </ClInclude>
    <ClInclude Include="Formiga_Tipo.h">
      <Filter>Header Files\Aplicação</Filter>
    </ClInclude>
    <ClInclude Include="RegraFoge.h">
      <Filter>Header Files\Aplicação\Regras_Tipo</Filter>
    </ClInclude>
    <ClInclude Include="RegraPersegue.h">
      <Filter>Header Files\Aplicação\Regras_Tipo</Filter>
    </ClInclude>
    <ClInclude Include="RegraProtege.h">
      <Filter>Header Files\Aplicação\Regras_Tipo</Filter>
    </ClInclude>
    <ClInclude Include="RegraProcuraMigalha.h">
      <Filter>Header Files\Aplicação\Regras_Tipo</Filter>
    </ClInclude>
    <ClInclude Include="RegraComeMigalha.h">
      <Filter>Header Files\Aplicação\Regras_Tipo</Filter>
    </ClInclude>
    <ClInclude Include="RegraVaiParaNinho.h">
      <Filter>Header Files\Aplicação\Regras_Tipo</Filter>
    </ClInclude>
    <ClInclude Include="RegraPasseia.h">
      <Filter>Header Files\Aplicação\Regras_Tipo</Filter>
    </ClInclude>
    <ClInclude Include="RegraVaiPara.h">
      <Filter>Header Files\Aplicação\Regras_Tipo</Filter>
    </ClInclude>
    <ClInclude Include="RegraProtegida.h">
      <Filter>Header Files\Aplicação\Regras_Tipo</Filter>
    </ClInclude>
    <ClInclude Include="RegraAtacaInimigas.h">
      <Filter>Header Files\Aplicação\Regras_Tipo</Filter>
    </ClInclude>
    <ClInclude Include="RegraAssalta.h">
      <Filter>Header Files\Aplicação\Regras_Tipo</Filter>
    </ClInclude>
  </ItemGroup>
  <ItemGroup>
    <ClCompile Include="Principal.cpp">
      <Filter>Source Files</Filter>
    </ClCompile>
    <ClCompile Include="Comandos.cpp">
      <Filter>Source Files\Interface</Filter>
    </ClCompile>
    <ClCompile Include="Screen.cpp">
      <Filter>Source Files\Interface</Filter>
    </ClCompile>
    <ClCompile Include="Comunidade.cpp">
      <Filter>Source Files\Aplicação</Filter>
    </ClCompile>
    <ClCompile Include="Formiga.cpp">
      <Filter>Source Files\Aplicação</Filter>
    </ClCompile>
    <ClCompile Include="Migalha.cpp">
      <Filter>Source Files\Aplicação</Filter>
    </ClCompile>
    <ClCompile Include="Ninho.cpp">
      <Filter>Source Files\Aplicação</Filter>
    </ClCompile>
    <ClCompile Include="Mundo.cpp">
      <Filter>Source Files\Aplicação</Filter>
    </ClCompile>
    <ClCompile Include="Consola.cpp">
      <Filter>Source Files\Interface</Filter>
    </ClCompile>
    <ClCompile Include="Gestor.cpp">
      <Filter>Source Files</Filter>
    </ClCompile>
    <ClCompile Include="Regra.cpp">
      <Filter>Source Files\Aplicação</Filter>
    </ClCompile>
    <ClCompile Include="RegraFoge.cpp">
      <Filter>Source Files\Aplicação\Regras_Tipo</Filter>
    </ClCompile>
    <ClCompile Include="RegraPersegue.cpp">
      <Filter>Source Files\Aplicação\Regras_Tipo</Filter>
    </ClCompile>
    <ClCompile Include="RegraAssalta.cpp">
      <Filter>Source Files\Aplicação\Regras_Tipo</Filter>
    </ClCompile>
    <ClCompile Include="RegraProtege.cpp">
      <Filter>Source Files\Aplicação\Regras_Tipo</Filter>
    </ClCompile>
    <ClCompile Include="RegraProcuraMigalha.cpp">
      <Filter>Source Files\Aplicação\Regras_Tipo</Filter>
    </ClCompile>
    <ClCompile Include="RegraComeMigalha.cpp">
      <Filter>Source Files\Aplicação\Regras_Tipo</Filter>
    </ClCompile>
    <ClCompile Include="RegraVaiParaNinho.cpp">
      <Filter>Source Files\Aplicação\Regras_Tipo</Filter>
    </ClCompile>
    <ClCompile Include="RegraPasseia.cpp">
      <Filter>Source Files\Aplicação\Regras_Tipo</Filter>
    </ClCompile>
    <ClCompile Include="RegraVaiPara.cpp">
      <Filter>Source Files\Aplicação\Regras_Tipo</Filter>
    </ClCompile>
    <ClCompile Include="RegraProtegida.cpp">
      <Filter>Source Files\Aplicação\Regras_Tipo</Filter>
    </ClCompile>
    <ClCompile Include="RegraAtacaInimigas.cpp">
      <Filter>Source Files\Aplicação\Regras_Tipo</Filter>
    </ClCompile>
  </ItemGroup>
</Project>